
Microsoft Visual Studio Solution File, Format Version 12.00
# Visual Studio Version 17
VisualStudioVersion = 17.4.33403.182
MinimumVisualStudioVersion = 10.0.40219.1
Project("{FAE04EC0-301F-11D3-BF4B-00C04F79EFBC}") = "Task1", "Task1.csproj", "{79344B8F-A570-44BB-976E-8AFDB9862514}"
EndProject
Project("{FAE04EC0-301F-11D3-BF4B-00C04F79EFBC}") = "Task1.nUnitTests", "..\Task1.nUnitTests\Task1.nUnitTests.csproj", "{54B7DB43-38A0-489F-9E84-53DEF404041E}"
EndProject
Global
	GlobalSection(SolutionConfigurationPlatforms) = preSolution
		Debug|Any CPU = Debug|Any CPU
		Release|Any CPU = Release|Any CPU
	EndGlobalSection
	GlobalSection(ProjectConfigurationPlatforms) = postSolution
		{79344B8F-A570-44BB-976E-8AFDB9862514}.Debug|Any CPU.ActiveCfg = Debug|Any CPU
		{79344B8F-A570-44BB-976E-8AFDB9862514}.Debug|Any CPU.Build.0 = Debug|Any CPU
		{79344B8F-A570-44BB-976E-8AFDB9862514}.Release|Any CPU.ActiveCfg = Release|Any CPU
		{79344B8F-A570-44BB-976E-8AFDB9862514}.Release|Any CPU.Build.0 = Release|Any CPU
		{54B7DB43-38A0-489F-9E84-53DEF404041E}.Debug|Any CPU.ActiveCfg = Debug|Any CPU
		{54B7DB43-38A0-489F-9E84-53DEF404041E}.Debug|Any CPU.Build.0 = Debug|Any CPU
		{54B7DB43-38A0-489F-9E84-53DEF404041E}.Release|Any CPU.ActiveCfg = Release|Any CPU
		{54B7DB43-38A0-489F-9E84-53DEF404041E}.Release|Any CPU.Build.0 = Release|Any CPU
	EndGlobalSection
	GlobalSection(SolutionProperties) = preSolution
		HideSolutionNode = FALSE
	EndGlobalSection
	GlobalSection(ExtensibilityGlobals) = postSolution
		SolutionGuid = {91D72375-778D-4F72-A5DE-61D82ABB212B}
	EndGlobalSection
EndGlobal
